
Microsoft Visual Studio Solution File, Format Version 12.00
# Visual Studio Version 16
VisualStudioVersion = 16.0.29709.97
MinimumVisualStudioVersion = 10.0.40219.1
Project("{9A19103F-16F7-4668-BE54-9A1E7A4F7556}") = "RegistroCompleto1_Apl2", "RegistroCompleto1_Apl2\RegistroCompleto1_Apl2.csproj", "{DD62E2AE-E420-43D6-B53C-DE75212010C2}"
EndProject
Global
	GlobalSection(SolutionConfigurationPlatforms) = preSolution
		Debug|Any CPU = Debug|Any CPU
		Release|Any CPU = Release|Any CPU
	EndGlobalSection
	GlobalSection(ProjectConfigurationPlatforms) = postSolution
		{DD62E2AE-E420-43D6-B53C-DE75212010C2}.Debug|Any CPU.ActiveCfg = Debug|Any CPU
		{DD62E2AE-E420-43D6-B53C-DE75212010C2}.Debug|Any CPU.Build.0 = Debug|Any CPU
		{DD62E2AE-E420-43D6-B53C-DE75212010C2}.Release|Any CPU.ActiveCfg = Release|Any CPU
		{DD62E2AE-E420-43D6-B53C-DE75212010C2}.Release|Any CPU.Build.0 = Release|Any CPU
	EndGlobalSection
	GlobalSection(SolutionProperties) = preSolution
		HideSolutionNode = FALSE
	EndGlobalSection
	GlobalSection(ExtensibilityGlobals) = postSolution
		SolutionGuid = {B666ADAE-B69C-4168-A081-A8E9CC9937E9}
	EndGlobalSection
EndGlobal
